
Microsoft Visual Studio Solution File, Format Version 12.00
# Visual Studio Version 17
VisualStudioVersion = 17.9.34728.123
MinimumVisualStudioVersion = 10.0.40219.1
Project("{FAE04EC0-301F-11D3-BF4B-00C04F79EFBC}") = "EventPlanner.Server", "EventPlanner.Server\EventPlanner.Server.csproj", "{140302D6-47DE-458D-91A3-A78CB226D86C}"
EndProject
Project("{54A90642-561A-4BB1-A94E-469ADEE60C69}") = "eventplanner.client", "eventplanner.client\eventplanner.client.esproj", "{7264D4FB-806E-4AC5-8182-D9ECE8064F2C}"
EndProject
Global
	GlobalSection(SolutionConfigurationPlatforms) = preSolution
		Debug|Any CPU = Debug|Any CPU
		Release|Any CPU = Release|Any CPU
	EndGlobalSection
	GlobalSection(ProjectConfigurationPlatforms) = postSolution
		{140302D6-47DE-458D-91A3-A78CB226D86C}.Debug|Any CPU.ActiveCfg = Debug|Any CPU
		{140302D6-47DE-458D-91A3-A78CB226D86C}.Debug|Any CPU.Build.0 = Debug|Any CPU
		{140302D6-47DE-458D-91A3-A78CB226D86C}.Release|Any CPU.ActiveCfg = Release|Any CPU
		{140302D6-47DE-458D-91A3-A78CB226D86C}.Release|Any CPU.Build.0 = Release|Any CPU
		{7264D4FB-806E-4AC5-8182-D9ECE8064F2C}.Debug|Any CPU.ActiveCfg = Debug|Any CPU
		{7264D4FB-806E-4AC5-8182-D9ECE8064F2C}.Debug|Any CPU.Build.0 = Debug|Any CPU
		{7264D4FB-806E-4AC5-8182-D9ECE8064F2C}.Debug|Any CPU.Deploy.0 = Debug|Any CPU
		{7264D4FB-806E-4AC5-8182-D9ECE8064F2C}.Release|Any CPU.ActiveCfg = Release|Any CPU
		{7264D4FB-806E-4AC5-8182-D9ECE8064F2C}.Release|Any CPU.Build.0 = Release|Any CPU
		{7264D4FB-806E-4AC5-8182-D9ECE8064F2C}.Release|Any CPU.Deploy.0 = Release|Any CPU
	EndGlobalSection
	GlobalSection(SolutionProperties) = preSolution
		HideSolutionNode = FALSE
	EndGlobalSection
	GlobalSection(ExtensibilityGlobals) = postSolution
		SolutionGuid = {C57AC0C1-82ED-456E-81F2-67F175C04EB0}
	EndGlobalSection
EndGlobal
