
Microsoft Visual Studio Solution File, Format Version 12.00
# Visual Studio Version 17
VisualStudioVersion = 17.9.34728.123
MinimumVisualStudioVersion = 10.0.40219.1
Project("{FAE04EC0-301F-11D3-BF4B-00C04F79EFBC}") = "EventPlannerBackend", "EventPlannerBackend.csproj", "{A5FD9A87-62FF-4382-911C-E6060284BBE9}"
EndProject
Global
	GlobalSection(SolutionConfigurationPlatforms) = preSolution
		Debug|Any CPU = Debug|Any CPU
		Release|Any CPU = Release|Any CPU
	EndGlobalSection
	GlobalSection(ProjectConfigurationPlatforms) = postSolution
		{A5FD9A87-62FF-4382-911C-E6060284BBE9}.Debug|Any CPU.ActiveCfg = Debug|Any CPU
		{A5FD9A87-62FF-4382-911C-E6060284BBE9}.Debug|Any CPU.Build.0 = Debug|Any CPU
		{A5FD9A87-62FF-4382-911C-E6060284BBE9}.Release|Any CPU.ActiveCfg = Release|Any CPU
		{A5FD9A87-62FF-4382-911C-E6060284BBE9}.Release|Any CPU.Build.0 = Release|Any CPU
	EndGlobalSection
	GlobalSection(SolutionProperties) = preSolution
		HideSolutionNode = FALSE
	EndGlobalSection
	GlobalSection(ExtensibilityGlobals) = postSolution
		SolutionGuid = {15D70509-77C4-4218-9BD9-840C72937684}
	EndGlobalSection
EndGlobal
